// !$*UTF8*$!
{
	archiveVersion = 1;
	classes = {
	};
	objectVersion = 46;
	objects = {

/* Begin PBXBuildFile section */
		5A309C071F5A5A4100227C30 /* AppDelegate.swift in Sources */ = {isa = PBXBuildFile; fileRef = 5A309C061F5A5A4100227C30 /* AppDelegate.swift */; };
		5A309C091F5A5A4100227C30 /* ViewController.swift in Sources */ = {isa = PBXBuildFile; fileRef = 5A309C081F5A5A4100227C30 /* ViewController.swift */; };
		5A309C0C1F5A5A4100227C30 /* Main.storyboard in Resources */ = {isa = PBXBuildFile; fileRef = 5A309C0A1F5A5A4100227C30 /* Main.storyboard */; };
		5A309C0F1F5A5A4100227C30 /* SavingCoreData.xcdatamodeld in Sources */ = {isa = PBXBuildFile; fileRef = 5A309C0D1F5A5A4100227C30 /* SavingCoreData.xcdatamodeld */; };
		5A309C111F5A5A4100227C30 /* Assets.xcassets in Resources */ = {isa = PBXBuildFile; fileRef = 5A309C101F5A5A4100227C30 /* Assets.xcassets */; };
		5A309C141F5A5A4100227C30 /* LaunchScreen.storyboard in Resources */ = {isa = PBXBuildFile; fileRef = 5A309C121F5A5A4100227C30 /* LaunchScreen.storyboard */; };
/* End PBXBuildFile section */

/* Begin PBXFileReference section */
		5A309C031F5A5A4100227C30 /* SavingCoreData.app */ = {isa = PBXFileReference; explicitFileType = wrapper.application; includeInIndex = 0; path = SavingCoreData.app; sourceTree = BUILT_PRODUCTS_DIR; };
		5A309C061F5A5A4100227C30 /* AppDelegate.swift */ = {isa = PBXFileReference; lastKnownFileType = sourcecode.swift; path = AppDelegate.swift; sourceTree = "<group>"; };
		5A309C081F5A5A4100227C30 /* ViewController.swift */ = {isa = PBXFileReference; lastKnownFileType = sourcecode.swift; path = ViewController.swift; sourceTree = "<group>"; };
		5A309C0B1F5A5A4100227C30 /* Base */ = {isa = PBXFileReference; lastKnownFileType = file.storyboard; name = Base; path = Base.lproj/Main.storyboard; sourceTree = "<group>"; };
		5A309C0E1F5A5A4100227C30 /* SavingCoreData.xcdatamodel */ = {isa = PBXFileReference; lastKnownFileType = wrapper.xcdatamodel; path = SavingCoreData.xcdatamodel; sourceTree = "<group>"; };
		5A309C101F5A5A4100227C30 /* Assets.xcassets */ = {isa = PBXFileReference; lastKnownFileType = folder.assetcatalog; path = Assets.xcassets; sourceTree = "<group>"; };
		5A309C131F5A5A4100227C30 /* Base */ = {isa = PBXFileReference; lastKnownFileType = file.storyboard; name = Base; path = Base.lproj/LaunchScreen.storyboard; sourceTree = "<group>"; };
		5A309C151F5A5A4100227C30 /* Info.plist */ = {isa = PBXFileReference; lastKnownFileType = text.plist.xml; path = Info.plist; sourceTree = "<group>"; };
/* End PBXFileReference section */

/* Begin PBXFrameworksBuildPhase section */
		5A309C001F5A5A4100227C30 /* Frameworks */ = {
			isa = PBXFrameworksBuildPhase;
			buildActionMask = 2147483647;
			files = (
			);
			runOnlyForDeploymentPostprocessing = 0;
		};
/* End PBXFrameworksBuildPhase section */

/* Begin PBXGroup section */
		5A309BFA1F5A5A4000227C30 = {
			isa = PBXGroup;
			children = (
				5A309C051F5A5A4100227C30 /* SavingCoreData */,
				5A309C041F5A5A4100227C30 /* Products */,
			);
			sourceTree = "<group>";
		};
		5A309C041F5A5A4100227C30 /* Products */ = {
			isa = PBXGroup;
			children = (
				5A309C031F5A5A4100227C30 /* SavingCoreData.app */,
			);
			name = Products;
			sourceTree = "<group>";
		};
		5A309C051F5A5A4100227C30 /* SavingCoreData */ = {
			isa = PBXGroup;
			children = (
				5A309C061F5A5A4100227C30 /* AppDelegate.swift */,
				5A309C081F5A5A4100227C30 /* ViewController.swift */,
				5A309C0A1F5A5A4100227C30 /* Main.storyboard */,
				5A309C101F5A5A4100227C30 /* Assets.xcassets */,
				5A309C121F5A5A4100227C30 /* LaunchScreen.storyboard */,
				5A309C151F5A5A4100227C30 /* Info.plist */,
				5A309C0D1F5A5A4100227C30 /* SavingCoreData.xcdatamodeld */,
			);
			path = SavingCoreData;
			sourceTree = "<group>";
		};
/* End PBXGroup section */

/* Begin PBXNativeTarget section */
		5A309C021F5A5A4100227C30 /* SavingCoreData */ = {
			isa = PBXNativeTarget;
			buildConfigurationList = 5A309C181F5A5A4100227C30 /* Build configuration list for PBXNativeTarget "SavingCoreData" */;
			buildPhases = (
				5A309BFF1F5A5A4100227C30 /* Sources */,
				5A309C001F5A5A4100227C30 /* Frameworks */,
				5A309C011F5A5A4100227C30 /* Resources */,
			);
			buildRules = (
			);
			dependencies = (
			);
			name = SavingCoreData;
			productName = SavingCoreData;
			productReference = 5A309C031F5A5A4100227C30 /* SavingCoreData.app */;
			productType = "com.apple.product-type.application";
		};
/* End PBXNativeTarget section */

/* Begin PBXProject section */
		5A309BFB1F5A5A4000227C30 /* Project object */ = {
			isa = PBXProject;
			attributes = {
				LastSwiftUpdateCheck = 0820;
				LastUpgradeCheck = 0820;
				ORGANIZATIONNAME = Virtual;
				TargetAttributes = {
					5A309C021F5A5A4100227C30 = {
						CreatedOnToolsVersion = 8.2;
						ProvisioningStyle = Automatic;
					};
				};
			};
			buildConfigurationList = 5A309BFE1F5A5A4000227C30 /* Build configuration list for PBXProject "SavingCoreData" */;
			compatibilityVersion = "Xcode 3.2";
			developmentRegion = English;
			hasScannedForEncodings = 0;
			knownRegions = (
				en,
				Base,
			);
			mainGroup = 5A309BFA1F5A5A4000227C30;
			productRefGroup = 5A309C041F5A5A4100227C30 /* Products */;
			projectDirPath = "";
			projectRoot = "";
			targets = (
				5A309C021F5A5A4100227C30 /* SavingCoreData */,
			);
		};
/* End PBXProject section */

/* Begin PBXResourcesBuildPhase section */
		5A309C011F5A5A4100227C30 /* Resources */ = {
			isa = PBXResourcesBuildPhase;
			buildActionMask = 2147483647;
			files = (
				5A309C141F5A5A4100227C30 /* LaunchScreen.storyboard in Resources */,
				5A309C111F5A5A4100227C30 /* Assets.xcassets in Resources */,
				5A309C0C1F5A5A4100227C30 /* Main.storyboard in Resources */,
			);
			runOnlyForDeploymentPostprocessing = 0;
		};
/* End PBXResourcesBuildPhase section */

/* Begin PBXSourcesBuildPhase section */
		5A309BFF1F5A5A4100227C30 /* Sources */ = {
			isa = PBXSourcesBuildPhase;
			buildActionMask = 2147483647;
			files = (
				5A309C091F5A5A4100227C30 /* ViewController.swift in Sources */,
				5A309C0F1F5A5A4100227C30 /* SavingCoreData.xcdatamodeld in Sources */,
				5A309C071F5A5A4100227C30 /* AppDelegate.swift in Sources */,
			);
			runOnlyForDeploymentPostprocessing = 0;
		};
/* End PBXSourcesBuildPhase section */

/* Begin PBXVariantGroup section */
		5A309C0A1F5A5A4100227C30 /* Main.storyboard */ = {
			isa = PBXVariantGroup;
			children = (
				5A309C0B1F5A5A4100227C30 /* Base */,
			);
			name = Main.storyboard;
			sourceTree = "<group>";
		};
		5A309C121F5A5A4100227C30 /* LaunchScreen.storyboard */ = {
			isa = PBXVariantGroup;
			children = (
				5A309C131F5A5A4100227C30 /* Base */,
			);
			name = LaunchScreen.storyboard;
			sourceTree = "<group>";
		};
/* End PBXVariantGroup section */

/* Begin XCBuildConfiguration section */
		5A309C161F5A5A4100227C30 /* Debug */ = {
			isa = XCBuildConfiguration;
			buildSettings = {
				ALWAYS_SEARCH_USER_PATHS = NO;
				CLANG_ANALYZER_NONNULL = YES;
				CLANG_CXX_LANGUAGE_STANDARD = "gnu++0x";
				CLANG_CXX_LIBRARY = "libc++";
				CLANG_ENABLE_MODULES = YES;
				CLANG_ENABLE_OBJC_ARC = YES;
				CLANG_WARN_BOOL_CONVERSION = YES;
				CLANG_WARN_CONSTANT_CONVERSION = YES;
				CLANG_WARN_DIRECT_OBJC_ISA_USAGE = YES_ERROR;
				CLANG_WARN_DOCUMENTATION_COMMENTS = YES;
				CLANG_WARN_EMPTY_BODY = YES;
				CLANG_WARN_ENUM_CONVERSION = YES;
				CLANG_WARN_INFINITE_RECURSION = YES;
				CLANG_WARN_INT_CONVERSION = YES;
				CLANG_WARN_OBJC_ROOT_CLASS = YES_ERROR;
				CLANG_WARN_SUSPICIOUS_MOVE = YES;
				CLANG_WARN_UNREACHABLE_CODE = YES;
				CLANG_WARN__DUPLICATE_METHOD_MATCH = YES;
				"CODE_SIGN_IDENTITY[sdk=iphoneos*]" = "iPhone Developer";
				COPY_PHASE_STRIP = NO;
				DEBUG_INFORMATION_FORMAT = dwarf;
				ENABLE_STRICT_OBJC_MSGSEND = YES;
				ENABLE_TESTABILITY = YES;
				GCC_C_LANGUAGE_STANDARD = gnu99;
				GCC_DYNAMIC_NO_PIC = NO;
				GCC_NO_COMMON_BLOCKS = YES;
				GCC_OPTIMIZATION_LEVEL = 0;
				GCC_PREPROCESSOR_DEFINITIONS = (
					"DEBUG=1",
					"$(inherited)",
				);
				GCC_WARN_64_TO_32_BIT_CONVERSION = YES;
				GCC_WARN_ABOUT_RETURN_TYPE = YES_ERROR;
				GCC_WARN_UNDECLARED_SELECTOR = YES;
				GCC_WARN_UNINITIALIZED_AUTOS = YES_AGGRESSIVE;
				GCC_WARN_UNUSED_FUNCTION = YES;
				GCC_WARN_UNUSED_VARIABLE = YES;
				IPHONEOS_DEPLOYMENT_TARGET = 10.2;
				MTL_ENABLE_DEBUG_INFO = YES;
				ONLY_ACTIVE_ARCH = YES;
				SDKROOT = iphoneos;
				SWIFT_ACTIVE_COMPILATION_CONDITIONS = DEBUG;
				SWIFT_OPTIMIZATION_LEVEL = "-Onone";
				TARGETED_DEVICE_FAMILY = "1,2";
			};
			name = Debug;
		};
		5A309C171F5A5A4100227C30 /* Release */ = {
			isa = XCBuildConfiguration;
			buildSettings = {
				ALWAYS_SEARCH_USER_PATHS = NO;
				CLANG_ANALYZER_NONNULL = YES;
				CLANG_CXX_LANGUAGE_STANDARD = "gnu++0x";
				CLANG_CXX_LIBRARY = "libc++";
				CLANG_ENABLE_MODULES = YES;
				CLANG_ENABLE_OBJC_ARC = YES;
				CLANG_WARN_BOOL_CONVERSION = YES;
				CLANG_WARN_CONSTANT_CONVERSION = YES;
				CLANG_WARN_DIRECT_OBJC_ISA_USAGE = YES_ERROR;
				CLANG_WARN_DOCUMENTATION_COMMENTS = YES;
				CLANG_WARN_EMPTY_BODY = YES;
				CLANG_WARN_ENUM_CONVERSION = YES;
				CLANG_WARN_INFINITE_RECURSION = YES;
				CLANG_WARN_INT_CONVERSION = YES;
				CLANG_WARN_OBJC_ROOT_CLASS = YES_ERROR;
				CLANG_WARN_SUSPICIOUS_MOVE = YES;
				CLANG_WARN_UNREACHABLE_CODE = YES;
				CLANG_WARN__DUPLICATE_METHOD_MATCH = YES;
				"CODE_SIGN_IDENTITY[sdk=iphoneos*]" = "iPhone Developer";
				COPY_PHASE_STRIP = NO;
				DEBUG_INFORMATION_FORMAT = "dwarf-with-dsym";
				ENABLE_NS_ASSERTIONS = NO;
				ENABLE_STRICT_OBJC_MSGSEND = YES;
				GCC_C_LANGUAGE_STANDARD = gnu99;
				GCC_NO_COMMON_BLOCKS = YES;
				GCC_WARN_64_TO_32_BIT_CONVERSION = YES;
				GCC_WARN_ABOUT_RETURN_TYPE = YES_ERROR;
				GCC_WARN_UNDECLARED_SELECTOR = YES;
				GCC_WARN_UNINITIALIZED_AUTOS = YES_AGGRESSIVE;
				GCC_WARN_UNUSED_FUNCTION = YES;
				GCC_WARN_UNUSED_VARIABLE = YES;
				IPHONEOS_DEPLOYMENT_TARGET = 10.2;
				MTL_ENABLE_DEBUG_INFO = NO;
				SDKROOT = iphoneos;
				SWIFT_OPTIMIZATION_LEVEL = "-Owholemodule";
				TARGETED_DEVICE_FAMILY = "1,2";
				VALIDATE_PRODUCT = YES;
			};
			name = Release;
		};
		5A309C191F5A5A4100227C30 /* Debug */ = {
			isa = XCBuildConfiguration;
			buildSettings = {
				ASSETCATALOG_COMPILER_APPICON_NAME = AppIcon;
				INFOPLIST_FILE = SavingCoreData/Info.plist;
				LD_RUNPATH_SEARCH_PATHS = "$(inherited) @executable_path/Frameworks";
				PRODUCT_BUNDLE_IDENTIFIER = ChanzDev.SavingCoreData;
				PRODUCT_NAME = "$(TARGET_NAME)";
				SWIFT_VERSION = 3.0;
			};
			name = Debug;
		};
		5A309C1A1F5A5A4100227C30 /* Release */ = {
			isa = XCBuildConfiguration;
			buildSettings = {
				ASSETCATALOG_COMPILER_APPICON_NAME = AppIcon;
				INFOPLIST_FILE = SavingCoreData/Info.plist;
				LD_RUNPATH_SEARCH_PATHS = "$(inherited) @executable_path/Frameworks";
				PRODUCT_BUNDLE_IDENTIFIER = ChanzDev.SavingCoreData;
				PRODUCT_NAME = "$(TARGET_NAME)";
				SWIFT_VERSION = 3.0;
			};
			name = Release;
		};
/* End XCBuildConfiguration section */

/* Begin XCConfigurationList section */
		5A309BFE1F5A5A4000227C30 /* Build configuration list for PBXProject "SavingCoreData" */ = {
			isa = XCConfigurationList;
			buildConfigurations = (
				5A309C161F5A5A4100227C30 /* Debug */,
				5A309C171F5A5A4100227C30 /* Release */,
			);
			defaultConfigurationIsVisible = 0;
			defaultConfigurationName = Release;
		};
		5A309C181F5A5A4100227C30 /* Build configuration list for PBXNativeTarget "SavingCoreData" */ = {
			isa = XCConfigurationList;
			buildConfigurations = (
				5A309C191F5A5A4100227C30 /* Debug */,
				5A309C1A1F5A5A4100227C30 /* Release */,
			);
			defaultConfigurationIsVisible = 0;
		};
/* End XCConfigurationList section */

/* Begin XCVersionGroup section */
		5A309C0D1F5A5A4100227C30 /* SavingCoreData.xcdatamodeld */ = {
			isa = XCVersionGroup;
			children = (
				5A309C0E1F5A5A4100227C30 /* SavingCoreData.xcdatamodel */,
			);
			currentVersion = 5A309C0E1F5A5A4100227C30 /* SavingCoreData.xcdatamodel */;
			path = SavingCoreData.xcdatamodeld;
			sourceTree = "<group>";
			versionGroupType = wrapper.xcdatamodel;
		};
/* End XCVersionGroup section */
	};
	rootObject = 5A309BFB1F5A5A4000227C30 /* Project object */;
}
